
Microsoft Visual Studio Solution File, Format Version 12.00
Project("{FAE04EC0-301F-11D3-BF4B-00C04F79EFBC}") = "mimimimimimi0502", "mimimimimimi0502\mimimimimimi0502.csproj", "{99722B64-92A2-4A60-A9C4-008A0F44E631}"
EndProject
Global
	GlobalSection(SolutionConfigurationPlatforms) = preSolution
		Debug|Any CPU = Debug|Any CPU
		Release|Any CPU = Release|Any CPU
	EndGlobalSection
	GlobalSection(ProjectConfigurationPlatforms) = postSolution
		{99722B64-92A2-4A60-A9C4-008A0F44E631}.Debug|Any CPU.ActiveCfg = Debug|Any CPU
		{99722B64-92A2-4A60-A9C4-008A0F44E631}.Debug|Any CPU.Build.0 = Debug|Any CPU
		{99722B64-92A2-4A60-A9C4-008A0F44E631}.Release|Any CPU.ActiveCfg = Release|Any CPU
		{99722B64-92A2-4A60-A9C4-008A0F44E631}.Release|Any CPU.Build.0 = Release|Any CPU
	EndGlobalSection
EndGlobal
